
Microsoft Visual Studio Solution File, Format Version 12.00
# Visual Studio Version 17
VisualStudioVersion = 17.0.31903.59
MinimumVisualStudioVersion = 10.0.40219.1
Project("{FAE04EC0-301F-11D3-BF4B-00C04F79EFBC}") = "API", "API\API.csproj", "{536D565A-FC99-42C3-97D3-DAB9A0347924}"
EndProject
Project("{FAE04EC0-301F-11D3-BF4B-00C04F79EFBC}") = "Application", "Application\Application.csproj", "{D111B3DF-4342-4995-BAC0-A46177C81B2E}"
EndProject
Project("{FAE04EC0-301F-11D3-BF4B-00C04F79EFBC}") = "Domain", "Domain\Domain.csproj", "{76216348-A1BB-42D8-8F86-BE551E33BDD2}"
EndProject
Project("{FAE04EC0-301F-11D3-BF4B-00C04F79EFBC}") = "Persistence", "Persistence\Persistence.csproj", "{27A4813D-AE76-4F3F-BB3D-E9EF9B8C7A7B}"
EndProject
Global
	GlobalSection(SolutionConfigurationPlatforms) = preSolution
		Debug|Any CPU = Debug|Any CPU
		Debug|x64 = Debug|x64
		Debug|x86 = Debug|x86
		Release|Any CPU = Release|Any CPU
		Release|x64 = Release|x64
		Release|x86 = Release|x86
	EndGlobalSection
	GlobalSection(ProjectConfigurationPlatforms) = postSolution
		{536D565A-FC99-42C3-97D3-DAB9A0347924}.Debug|Any CPU.ActiveCfg = Debug|Any CPU
		{536D565A-FC99-42C3-97D3-DAB9A0347924}.Debug|Any CPU.Build.0 = Debug|Any CPU
		{536D565A-FC99-42C3-97D3-DAB9A0347924}.Debug|x64.ActiveCfg = Debug|Any CPU
		{536D565A-FC99-42C3-97D3-DAB9A0347924}.Debug|x64.Build.0 = Debug|Any CPU
		{536D565A-FC99-42C3-97D3-DAB9A0347924}.Debug|x86.ActiveCfg = Debug|Any CPU
		{536D565A-FC99-42C3-97D3-DAB9A0347924}.Debug|x86.Build.0 = Debug|Any CPU
		{536D565A-FC99-42C3-97D3-DAB9A0347924}.Release|Any CPU.ActiveCfg = Release|Any CPU
		{536D565A-FC99-42C3-97D3-DAB9A0347924}.Release|Any CPU.Build.0 = Release|Any CPU
		{536D565A-FC99-42C3-97D3-DAB9A0347924}.Release|x64.ActiveCfg = Release|Any CPU
		{536D565A-FC99-42C3-97D3-DAB9A0347924}.Release|x64.Build.0 = Release|Any CPU
		{536D565A-FC99-42C3-97D3-DAB9A0347924}.Release|x86.ActiveCfg = Release|Any CPU
		{536D565A-FC99-42C3-97D3-DAB9A0347924}.Release|x86.Build.0 = Release|Any CPU
		{D111B3DF-4342-4995-BAC0-A46177C81B2E}.Debug|Any CPU.ActiveCfg = Debug|Any CPU
		{D111B3DF-4342-4995-BAC0-A46177C81B2E}.Debug|Any CPU.Build.0 = Debug|Any CPU
		{D111B3DF-4342-4995-BAC0-A46177C81B2E}.Debug|x64.ActiveCfg = Debug|Any CPU
		{D111B3DF-4342-4995-BAC0-A46177C81B2E}.Debug|x64.Build.0 = Debug|Any CPU
		{D111B3DF-4342-4995-BAC0-A46177C81B2E}.Debug|x86.ActiveCfg = Debug|Any CPU
		{D111B3DF-4342-4995-BAC0-A46177C81B2E}.Debug|x86.Build.0 = Debug|Any CPU
		{D111B3DF-4342-4995-BAC0-A46177C81B2E}.Release|Any CPU.ActiveCfg = Release|Any CPU
		{D111B3DF-4342-4995-BAC0-A46177C81B2E}.Release|Any CPU.Build.0 = Release|Any CPU
		{D111B3DF-4342-4995-BAC0-A46177C81B2E}.Release|x64.ActiveCfg = Release|Any CPU
		{D111B3DF-4342-4995-BAC0-A46177C81B2E}.Release|x64.Build.0 = Release|Any CPU
		{D111B3DF-4342-4995-BAC0-A46177C81B2E}.Release|x86.ActiveCfg = Release|Any CPU
		{D111B3DF-4342-4995-BAC0-A46177C81B2E}.Release|x86.Build.0 = Release|Any CPU
		{76216348-A1BB-42D8-8F86-BE551E33BDD2}.Debug|Any CPU.ActiveCfg = Debug|Any CPU
		{76216348-A1BB-42D8-8F86-BE551E33BDD2}.Debug|Any CPU.Build.0 = Debug|Any CPU
		{76216348-A1BB-42D8-8F86-BE551E33BDD2}.Debug|x64.ActiveCfg = Debug|Any CPU
		{76216348-A1BB-42D8-8F86-BE551E33BDD2}.Debug|x64.Build.0 = Debug|Any CPU
		{76216348-A1BB-42D8-8F86-BE551E33BDD2}.Debug|x86.ActiveCfg = Debug|Any CPU
		{76216348-A1BB-42D8-8F86-BE551E33BDD2}.Debug|x86.Build.0 = Debug|Any CPU
		{76216348-A1BB-42D8-8F86-BE551E33BDD2}.Release|Any CPU.ActiveCfg = Release|Any CPU
		{76216348-A1BB-42D8-8F86-BE551E33BDD2}.Release|Any CPU.Build.0 = Release|Any CPU
		{76216348-A1BB-42D8-8F86-BE551E33BDD2}.Release|x64.ActiveCfg = Release|Any CPU
		{76216348-A1BB-42D8-8F86-BE551E33BDD2}.Release|x64.Build.0 = Release|Any CPU
		{76216348-A1BB-42D8-8F86-BE551E33BDD2}.Release|x86.ActiveCfg = Release|Any CPU
		{76216348-A1BB-42D8-8F86-BE551E33BDD2}.Release|x86.Build.0 = Release|Any CPU
		{27A4813D-AE76-4F3F-BB3D-E9EF9B8C7A7B}.Debug|Any CPU.ActiveCfg = Debug|Any CPU
		{27A4813D-AE76-4F3F-BB3D-E9EF9B8C7A7B}.Debug|Any CPU.Build.0 = Debug|Any CPU
		{27A4813D-AE76-4F3F-BB3D-E9EF9B8C7A7B}.Debug|x64.ActiveCfg = Debug|Any CPU
		{27A4813D-AE76-4F3F-BB3D-E9EF9B8C7A7B}.Debug|x64.Build.0 = Debug|Any CPU
		{27A4813D-AE76-4F3F-BB3D-E9EF9B8C7A7B}.Debug|x86.ActiveCfg = Debug|Any CPU
		{27A4813D-AE76-4F3F-BB3D-E9EF9B8C7A7B}.Debug|x86.Build.0 = Debug|Any CPU
		{27A4813D-AE76-4F3F-BB3D-E9EF9B8C7A7B}.Release|Any CPU.ActiveCfg = Release|Any CPU
		{27A4813D-AE76-4F3F-BB3D-E9EF9B8C7A7B}.Release|Any CPU.Build.0 = Release|Any CPU
		{27A4813D-AE76-4F3F-BB3D-E9EF9B8C7A7B}.Release|x64.ActiveCfg = Release|Any CPU
		{27A4813D-AE76-4F3F-BB3D-E9EF9B8C7A7B}.Release|x64.Build.0 = Release|Any CPU
		{27A4813D-AE76-4F3F-BB3D-E9EF9B8C7A7B}.Release|x86.ActiveCfg = Release|Any CPU
		{27A4813D-AE76-4F3F-BB3D-E9EF9B8C7A7B}.Release|x86.Build.0 = Release|Any CPU
	EndGlobalSection
	GlobalSection(SolutionProperties) = preSolution
		HideSolutionNode = FALSE
	EndGlobalSection
EndGlobal
